// !$*UTF8*$!
{
	archiveVersion = 1;
	classes = {
	};
	objectVersion = 50;
	objects = {

/* Begin PBXBuildFile section */
		66ADD4912621BD84009205FE /* AppDelegate.swift in Sources */ = {isa = PBXBuildFile; fileRef = 66ADD4902621BD84009205FE /* AppDelegate.swift */; };
		66ADD4932621BD84009205FE /* SceneDelegate.swift in Sources */ = {isa = PBXBuildFile; fileRef = 66ADD4922621BD84009205FE /* SceneDelegate.swift */; };
		66ADD49A2621BD89009205FE /* Assets.xcassets in Resources */ = {isa = PBXBuildFile; fileRef = 66ADD4992621BD89009205FE /* Assets.xcassets */; };
		66ADD49D2621BD89009205FE /* LaunchScreen.storyboard in Resources */ = {isa = PBXBuildFile; fileRef = 66ADD49B2621BD89009205FE /* LaunchScreen.storyboard */; };
		66ADD4A92621BF5B009205FE /* NewsListTableViewController.swift in Sources */ = {isa = PBXBuildFile; fileRef = 66ADD4A82621BF5B009205FE /* NewsListTableViewController.swift */; };
		66ADD4AD2621C010009205FE /* Main.storyboard in Resources */ = {isa = PBXBuildFile; fileRef = 66ADD4AC2621C010009205FE /* Main.storyboard */; };
		66ADD4B226221849009205FE /* WebService.swift in Sources */ = {isa = PBXBuildFile; fileRef = 66ADD4B126221848009205FE /* WebService.swift */; };
		66C403A226222346008DEA2C /* Article.swift in Sources */ = {isa = PBXBuildFile; fileRef = 66C403A126222346008DEA2C /* Article.swift */; };
		66C403A72622AE3D008DEA2C /* ArticleViewModel.swift in Sources */ = {isa = PBXBuildFile; fileRef = 66C403A62622AE3D008DEA2C /* ArticleViewModel.swift */; };
		66C403AD2622B4F1008DEA2C /* ArticleTableViewCell.swift in Sources */ = {isa = PBXBuildFile; fileRef = 66C403AC2622B4F1008DEA2C /* ArticleTableViewCell.swift */; };
		66C403B12622E8B6008DEA2C /* utils.swift in Sources */ = {isa = PBXBuildFile; fileRef = 66C403B02622E8B6008DEA2C /* utils.swift */; };
/* End PBXBuildFile section */

/* Begin PBXFileReference section */
		66ADD48D2621BD84009205FE /* NewsLite.app */ = {isa = PBXFileReference; explicitFileType = wrapper.application; includeInIndex = 0; path = NewsLite.app; sourceTree = BUILT_PRODUCTS_DIR; };
		66ADD4902621BD84009205FE /* AppDelegate.swift */ = {isa = PBXFileReference; lastKnownFileType = sourcecode.swift; path = AppDelegate.swift; sourceTree = "<group>"; };
		66ADD4922621BD84009205FE /* SceneDelegate.swift */ = {isa = PBXFileReference; lastKnownFileType = sourcecode.swift; path = SceneDelegate.swift; sourceTree = "<group>"; };
		66ADD4992621BD89009205FE /* Assets.xcassets */ = {isa = PBXFileReference; lastKnownFileType = folder.assetcatalog; path = Assets.xcassets; sourceTree = "<group>"; };
		66ADD49C2621BD89009205FE /* Base */ = {isa = PBXFileReference; lastKnownFileType = file.storyboard; name = Base; path = Base.lproj/LaunchScreen.storyboard; sourceTree = "<group>"; };
		66ADD49E2621BD89009205FE /* Info.plist */ = {isa = PBXFileReference; lastKnownFileType = text.plist.xml; path = Info.plist; sourceTree = "<group>"; };
		66ADD4A82621BF5B009205FE /* NewsListTableViewController.swift */ = {isa = PBXFileReference; lastKnownFileType = sourcecode.swift; path = NewsListTableViewController.swift; sourceTree = "<group>"; };
		66ADD4AC2621C010009205FE /* Main.storyboard */ = {isa = PBXFileReference; fileEncoding = 4; lastKnownFileType = file.storyboard; path = Main.storyboard; sourceTree = "<group>"; };
		66ADD4B126221848009205FE /* WebService.swift */ = {isa = PBXFileReference; lastKnownFileType = sourcecode.swift; path = WebService.swift; sourceTree = "<group>"; };
		66C403A126222346008DEA2C /* Article.swift */ = {isa = PBXFileReference; lastKnownFileType = sourcecode.swift; path = Article.swift; sourceTree = "<group>"; };
		66C403A62622AE3D008DEA2C /* ArticleViewModel.swift */ = {isa = PBXFileReference; lastKnownFileType = sourcecode.swift; path = ArticleViewModel.swift; sourceTree = "<group>"; };
		66C403AC2622B4F1008DEA2C /* ArticleTableViewCell.swift */ = {isa = PBXFileReference; lastKnownFileType = sourcecode.swift; path = ArticleTableViewCell.swift; sourceTree = "<group>"; };
		66C403B02622E8B6008DEA2C /* utils.swift */ = {isa = PBXFileReference; lastKnownFileType = sourcecode.swift; path = utils.swift; sourceTree = "<group>"; };
/* End PBXFileReference section */

/* Begin PBXFrameworksBuildPhase section */
		66ADD48A2621BD84009205FE /* Frameworks */ = {
			isa = PBXFrameworksBuildPhase;
			buildActionMask = 2147483647;
			files = (
			);
			runOnlyForDeploymentPostprocessing = 0;
		};
/* End PBXFrameworksBuildPhase section */

/* Begin PBXGroup section */
		66ADD4842621BD84009205FE = {
			isa = PBXGroup;
			children = (
				66ADD48F2621BD84009205FE /* NewsLite */,
				66ADD48E2621BD84009205FE /* Products */,
			);
			sourceTree = "<group>";
		};
		66ADD48E2621BD84009205FE /* Products */ = {
			isa = PBXGroup;
			children = (
				66ADD48D2621BD84009205FE /* NewsLite.app */,
			);
			name = Products;
			sourceTree = "<group>";
		};
		66ADD48F2621BD84009205FE /* NewsLite */ = {
			isa = PBXGroup;
			children = (
				66C403AF2622E8A1008DEA2C /* utils */,
				66C403AA2622B4D3008DEA2C /* cells */,
				66C403A52622AE06008DEA2C /* View Models */,
				66C403A026222331008DEA2C /* Models */,
				66ADD4B026221829009205FE /* Services */,
				66ADD4A72621BE24009205FE /* Controllers */,
				66ADD4902621BD84009205FE /* AppDelegate.swift */,
				66ADD4AC2621C010009205FE /* Main.storyboard */,
				66ADD4922621BD84009205FE /* SceneDelegate.swift */,
				66ADD4992621BD89009205FE /* Assets.xcassets */,
				66ADD49B2621BD89009205FE /* LaunchScreen.storyboard */,
				66ADD49E2621BD89009205FE /* Info.plist */,
			);
			path = NewsLite;
			sourceTree = "<group>";
		};
		66ADD4A72621BE24009205FE /* Controllers */ = {
			isa = PBXGroup;
			children = (
				66ADD4A82621BF5B009205FE /* NewsListTableViewController.swift */,
			);
			path = Controllers;
			sourceTree = "<group>";
		};
		66ADD4B026221829009205FE /* Services */ = {
			isa = PBXGroup;
			children = (
				66ADD4B126221848009205FE /* WebService.swift */,
			);
			path = Services;
			sourceTree = "<group>";
		};
		66C403A026222331008DEA2C /* Models */ = {
			isa = PBXGroup;
			children = (
				66C403A126222346008DEA2C /* Article.swift */,
			);
			path = Models;
			sourceTree = "<group>";
		};
		66C403A52622AE06008DEA2C /* View Models */ = {
			isa = PBXGroup;
			children = (
				66C403A62622AE3D008DEA2C /* ArticleViewModel.swift */,
			);
			path = "View Models";
			sourceTree = "<group>";
		};
		66C403AA2622B4D3008DEA2C /* cells */ = {
			isa = PBXGroup;
			children = (
				66C403AC2622B4F1008DEA2C /* ArticleTableViewCell.swift */,
			);
			path = cells;
			sourceTree = "<group>";
		};
		66C403AF2622E8A1008DEA2C /* utils */ = {
			isa = PBXGroup;
			children = (
				66C403B02622E8B6008DEA2C /* utils.swift */,
			);
			path = utils;
			sourceTree = "<group>";
		};
/* End PBXGroup section */

/* Begin PBXNativeTarget section */
		66ADD48C2621BD84009205FE /* NewsLite */ = {
			isa = PBXNativeTarget;
			buildConfigurationList = 66ADD4A12621BD89009205FE /* Build configuration list for PBXNativeTarget "NewsLite" */;
			buildPhases = (
				66ADD4892621BD84009205FE /* Sources */,
				66ADD48A2621BD84009205FE /* Frameworks */,
				66ADD48B2621BD84009205FE /* Resources */,
			);
			buildRules = (
			);
			dependencies = (
			);
			name = NewsLite;
			productName = NewsLite;
			productReference = 66ADD48D2621BD84009205FE /* NewsLite.app */;
			productType = "com.apple.product-type.application";
		};
/* End PBXNativeTarget section */

/* Begin PBXProject section */
		66ADD4852621BD84009205FE /* Project object */ = {
			isa = PBXProject;
			attributes = {
				LastSwiftUpdateCheck = 1210;
				LastUpgradeCheck = 1210;
				TargetAttributes = {
					66ADD48C2621BD84009205FE = {
						CreatedOnToolsVersion = 12.1;
					};
				};
			};
			buildConfigurationList = 66ADD4882621BD84009205FE /* Build configuration list for PBXProject "NewsLite" */;
			compatibilityVersion = "Xcode 9.3";
			developmentRegion = en;
			hasScannedForEncodings = 0;
			knownRegions = (
				en,
				Base,
			);
			mainGroup = 66ADD4842621BD84009205FE;
			productRefGroup = 66ADD48E2621BD84009205FE /* Products */;
			projectDirPath = "";
			projectRoot = "";
			targets = (
				66ADD48C2621BD84009205FE /* NewsLite */,
			);
		};
/* End PBXProject section */

/* Begin PBXResourcesBuildPhase section */
		66ADD48B2621BD84009205FE /* Resources */ = {
			isa = PBXResourcesBuildPhase;
			buildActionMask = 2147483647;
			files = (
				66ADD4AD2621C010009205FE /* Main.storyboard in Resources */,
				66ADD49D2621BD89009205FE /* LaunchScreen.storyboard in Resources */,
				66ADD49A2621BD89009205FE /* Assets.xcassets in Resources */,
			);
			runOnlyForDeploymentPostprocessing = 0;
		};
/* End PBXResourcesBuildPhase section */

/* Begin PBXSourcesBuildPhase section */
		66ADD4892621BD84009205FE /* Sources */ = {
			isa = PBXSourcesBuildPhase;
			buildActionMask = 2147483647;
			files = (
				66ADD4912621BD84009205FE /* AppDelegate.swift in Sources */,
				66ADD4A92621BF5B009205FE /* NewsListTableViewController.swift in Sources */,
				66ADD4B226221849009205FE /* WebService.swift in Sources */,
				66C403A72622AE3D008DEA2C /* ArticleViewModel.swift in Sources */,
				66ADD4932621BD84009205FE /* SceneDelegate.swift in Sources */,
				66C403AD2622B4F1008DEA2C /* ArticleTableViewCell.swift in Sources */,
				66C403A226222346008DEA2C /* Article.swift in Sources */,
				66C403B12622E8B6008DEA2C /* utils.swift in Sources */,
			);
			runOnlyForDeploymentPostprocessing = 0;
		};
/* End PBXSourcesBuildPhase section */

/* Begin PBXVariantGroup section */
		66ADD49B2621BD89009205FE /* LaunchScreen.storyboard */ = {
			isa = PBXVariantGroup;
			children = (
				66ADD49C2621BD89009205FE /* Base */,
			);
			name = LaunchScreen.storyboard;
			sourceTree = "<group>";
		};
/* End PBXVariantGroup section */

/* Begin XCBuildConfiguration section */
		66ADD49F2621BD89009205FE /* Debug */ = {
			isa = XCBuildConfiguration;
			buildSettings = {
				ALWAYS_SEARCH_USER_PATHS = NO;
				CLANG_ANALYZER_NONNULL = YES;
				CLANG_ANALYZER_NUMBER_OBJECT_CONVERSION = YES_AGGRESSIVE;
				CLANG_CXX_LANGUAGE_STANDARD = "gnu++14";
				CLANG_CXX_LIBRARY = "libc++";
				CLANG_ENABLE_MODULES = YES;
				CLANG_ENABLE_OBJC_ARC = YES;
				CLANG_ENABLE_OBJC_WEAK = YES;
				CLANG_WARN_BLOCK_CAPTURE_AUTORELEASING = YES;
				CLANG_WARN_BOOL_CONVERSION = YES;
				CLANG_WARN_COMMA = YES;
				CLANG_WARN_CONSTANT_CONVERSION = YES;
				CLANG_WARN_DEPRECATED_OBJC_IMPLEMENTATIONS = YES;
				CLANG_WARN_DIRECT_OBJC_ISA_USAGE = YES_ERROR;
				CLANG_WARN_DOCUMENTATION_COMMENTS = YES;
				CLANG_WARN_EMPTY_BODY = YES;
				CLANG_WARN_ENUM_CONVERSION = YES;
				CLANG_WARN_INFINITE_RECURSION = YES;
				CLANG_WARN_INT_CONVERSION = YES;
				CLANG_WARN_NON_LITERAL_NULL_CONVERSION = YES;
				CLANG_WARN_OBJC_IMPLICIT_RETAIN_SELF = YES;
				CLANG_WARN_OBJC_LITERAL_CONVERSION = YES;
				CLANG_WARN_OBJC_ROOT_CLASS = YES_ERROR;
				CLANG_WARN_QUOTED_INCLUDE_IN_FRAMEWORK_HEADER = YES;
				CLANG_WARN_RANGE_LOOP_ANALYSIS = YES;
				CLANG_WARN_STRICT_PROTOTYPES = YES;
				CLANG_WARN_SUSPICIOUS_MOVE = YES;
				CLANG_WARN_UNGUARDED_AVAILABILITY = YES_AGGRESSIVE;
				CLANG_WARN_UNREACHABLE_CODE = YES;
				CLANG_WARN__DUPLICATE_METHOD_MATCH = YES;
				COPY_PHASE_STRIP = NO;
				DEBUG_INFORMATION_FORMAT = dwarf;
				ENABLE_STRICT_OBJC_MSGSEND = YES;
				ENABLE_TESTABILITY = YES;
				GCC_C_LANGUAGE_STANDARD = gnu11;
				GCC_DYNAMIC_NO_PIC = NO;
				GCC_NO_COMMON_BLOCKS = YES;
				GCC_OPTIMIZATION_LEVEL = 0;
				GCC_PREPROCESSOR_DEFINITIONS = (
					"DEBUG=1",
					"$(inherited)",
				);
				GCC_WARN_64_TO_32_BIT_CONVERSION = YES;
				GCC_WARN_ABOUT_RETURN_TYPE = YES_ERROR;
				GCC_WARN_UNDECLARED_SELECTOR = YES;
				GCC_WARN_UNINITIALIZED_AUTOS = YES_AGGRESSIVE;
				GCC_WARN_UNUSED_FUNCTION = YES;
				GCC_WARN_UNUSED_VARIABLE = YES;
				IPHONEOS_DEPLOYMENT_TARGET = 14.1;
				MTL_ENABLE_DEBUG_INFO = INCLUDE_SOURCE;
				MTL_FAST_MATH = YES;
				ONLY_ACTIVE_ARCH = YES;
				SDKROOT = iphoneos;
				SWIFT_ACTIVE_COMPILATION_CONDITIONS = DEBUG;
				SWIFT_OPTIMIZATION_LEVEL = "-Onone";
			};
			name = Debug;
		};
		66ADD4A02621BD89009205FE /* Release */ = {
			isa = XCBuildConfiguration;
			buildSettings = {
				ALWAYS_SEARCH_USER_PATHS = NO;
				CLANG_ANALYZER_NONNULL = YES;
				CLANG_ANALYZER_NUMBER_OBJECT_CONVERSION = YES_AGGRESSIVE;
				CLANG_CXX_LANGUAGE_STANDARD = "gnu++14";
				CLANG_CXX_LIBRARY = "libc++";
				CLANG_ENABLE_MODULES = YES;
				CLANG_ENABLE_OBJC_ARC = YES;
				CLANG_ENABLE_OBJC_WEAK = YES;
				CLANG_WARN_BLOCK_CAPTURE_AUTORELEASING = YES;
				CLANG_WARN_BOOL_CONVERSION = YES;
				CLANG_WARN_COMMA = YES;
				CLANG_WARN_CONSTANT_CONVERSION = YES;
				CLANG_WARN_DEPRECATED_OBJC_IMPLEMENTATIONS = YES;
				CLANG_WARN_DIRECT_OBJC_ISA_USAGE = YES_ERROR;
				CLANG_WARN_DOCUMENTATION_COMMENTS = YES;
				CLANG_WARN_EMPTY_BODY = YES;
				CLANG_WARN_ENUM_CONVERSION = YES;
				CLANG_WARN_INFINITE_RECURSION = YES;
				CLANG_WARN_INT_CONVERSION = YES;
				CLANG_WARN_NON_LITERAL_NULL_CONVERSION = YES;
				CLANG_WARN_OBJC_IMPLICIT_RETAIN_SELF = YES;
				CLANG_WARN_OBJC_LITERAL_CONVERSION = YES;
				CLANG_WARN_OBJC_ROOT_CLASS = YES_ERROR;
				CLANG_WARN_QUOTED_INCLUDE_IN_FRAMEWORK_HEADER = YES;
				CLANG_WARN_RANGE_LOOP_ANALYSIS = YES;
				CLANG_WARN_STRICT_PROTOTYPES = YES;
				CLANG_WARN_SUSPICIOUS_MOVE = YES;
				CLANG_WARN_UNGUARDED_AVAILABILITY = YES_AGGRESSIVE;
				CLANG_WARN_UNREACHABLE_CODE = YES;
				CLANG_WARN__DUPLICATE_METHOD_MATCH = YES;
				COPY_PHASE_STRIP = NO;
				DEBUG_INFORMATION_FORMAT = "dwarf-with-dsym";
				ENABLE_NS_ASSERTIONS = NO;
				ENABLE_STRICT_OBJC_MSGSEND = YES;
				GCC_C_LANGUAGE_STANDARD = gnu11;
				GCC_NO_COMMON_BLOCKS = YES;
				GCC_WARN_64_TO_32_BIT_CONVERSION = YES;
				GCC_WARN_ABOUT_RETURN_TYPE = YES_ERROR;
				GCC_WARN_UNDECLARED_SELECTOR = YES;
				GCC_WARN_UNINITIALIZED_AUTOS = YES_AGGRESSIVE;
				GCC_WARN_UNUSED_FUNCTION = YES;
				GCC_WARN_UNUSED_VARIABLE = YES;
				IPHONEOS_DEPLOYMENT_TARGET = 14.1;
				MTL_ENABLE_DEBUG_INFO = NO;
				MTL_FAST_MATH = YES;
				SDKROOT = iphoneos;
				SWIFT_COMPILATION_MODE = wholemodule;
				SWIFT_OPTIMIZATION_LEVEL = "-O";
				VALIDATE_PRODUCT = YES;
			};
			name = Release;
		};
		66ADD4A22621BD89009205FE /* Debug */ = {
			isa = XCBuildConfiguration;
			buildSettings = {
				ASSETCATALOG_COMPILER_APPICON_NAME = AppIcon;
				ASSETCATALOG_COMPILER_GLOBAL_ACCENT_COLOR_NAME = AccentColor;
				CODE_SIGN_STYLE = Automatic;
				INFOPLIST_FILE = NewsLite/Info.plist;
				LD_RUNPATH_SEARCH_PATHS = (
					"$(inherited)",
					"@executable_path/Frameworks",
				);
				PRODUCT_BUNDLE_IDENTIFIER = shintoishere.NewsLite;
				PRODUCT_NAME = "$(TARGET_NAME)";
				SWIFT_VERSION = 5.0;
				TARGETED_DEVICE_FAMILY = "1,2";
			};
			name = Debug;
		};
		66ADD4A32621BD89009205FE /* Release */ = {
			isa = XCBuildConfiguration;
			buildSettings = {
				ASSETCATALOG_COMPILER_APPICON_NAME = AppIcon;
				ASSETCATALOG_COMPILER_GLOBAL_ACCENT_COLOR_NAME = AccentColor;
				CODE_SIGN_STYLE = Automatic;
				INFOPLIST_FILE = NewsLite/Info.plist;
				LD_RUNPATH_SEARCH_PATHS = (
					"$(inherited)",
					"@executable_path/Frameworks",
				);
				PRODUCT_BUNDLE_IDENTIFIER = shintoishere.NewsLite;
				PRODUCT_NAME = "$(TARGET_NAME)";
				SWIFT_VERSION = 5.0;
				TARGETED_DEVICE_FAMILY = "1,2";
			};
			name = Release;
		};
/* End XCBuildConfiguration section */

/* Begin XCConfigurationList section */
		66ADD4882621BD84009205FE /* Build configuration list for PBXProject "NewsLite" */ = {
			isa = XCConfigurationList;
			buildConfigurations = (
				66ADD49F2621BD89009205FE /* Debug */,
				66ADD4A02621BD89009205FE /* Release */,
			);
			defaultConfigurationIsVisible = 0;
			defaultConfigurationName = Release;
		};
		66ADD4A12621BD89009205FE /* Build configuration list for PBXNativeTarget "NewsLite" */ = {
			isa = XCConfigurationList;
			buildConfigurations = (
				66ADD4A22621BD89009205FE /* Debug */,
				66ADD4A32621BD89009205FE /* Release */,
			);
			defaultConfigurationIsVisible = 0;
			defaultConfigurationName = Release;
		};
/* End XCConfigurationList section */
	};
	rootObject = 66ADD4852621BD84009205FE /* Project object */;
}
